// !$*UTF8*$!
{
	archiveVersion = 1;
	classes = {
	};
	objectVersion = 56;
	objects = {

/* Begin PBXBuildFile section */
		9C67D9862C64F89700092887 /* ClipLLMApp.swift in Sources */ = {isa = PBXBuildFile; fileRef = 9C67D9852C64F89700092887 /* ClipLLMApp.swift */; };
		9C67D9882C64F89700092887 /* ContentView.swift in Sources */ = {isa = PBXBuildFile; fileRef = 9C67D9872C64F89700092887 /* ContentView.swift */; };
		9C67D98A2C64F89800092887 /* Assets.xcassets in Resources */ = {isa = PBXBuildFile; fileRef = 9C67D9892C64F89800092887 /* Assets.xcassets */; };
		9C67D98E2C64F89800092887 /* Preview Assets.xcassets in Resources */ = {isa = PBXBuildFile; fileRef = 9C67D98D2C64F89800092887 /* Preview Assets.xcassets */; };
		9C67D9982C64F89800092887 /* ClipLLMTests.swift in Sources */ = {isa = PBXBuildFile; fileRef = 9C67D9972C64F89800092887 /* ClipLLMTests.swift */; };
		9C67D9A22C64F89800092887 /* ClipLLMUITests.swift in Sources */ = {isa = PBXBuildFile; fileRef = 9C67D9A12C64F89800092887 /* ClipLLMUITests.swift */; };
		9C67D9A42C64F89800092887 /* ClipLLMUITestsLaunchTests.swift in Sources */ = {isa = PBXBuildFile; fileRef = 9C67D9A32C64F89800092887 /* ClipLLMUITestsLaunchTests.swift */; };
		9C67D9BC2C65127B00092887 /* MenuItem.swift in Sources */ = {isa = PBXBuildFile; fileRef = 9C67D9B22C65127A00092887 /* MenuItem.swift */; };
		9C67D9BD2C65127B00092887 /* Prompt.swift in Sources */ = {isa = PBXBuildFile; fileRef = 9C67D9B32C65127A00092887 /* Prompt.swift */; };
		9C67D9BE2C65127B00092887 /* Response.swift in Sources */ = {isa = PBXBuildFile; fileRef = 9C67D9B42C65127A00092887 /* Response.swift */; };
		9C67D9BF2C65127B00092887 /* Menu.swift in Sources */ = {isa = PBXBuildFile; fileRef = 9C67D9B62C65127B00092887 /* Menu.swift */; };
		9C67D9C02C65127B00092887 /* Chat.swift in Sources */ = {isa = PBXBuildFile; fileRef = 9C67D9B82C65127B00092887 /* Chat.swift */; };
		9C67D9C12C65127B00092887 /* Model.swift in Sources */ = {isa = PBXBuildFile; fileRef = 9C67D9B92C65127B00092887 /* Model.swift */; };
		9C67D9C22C65127B00092887 /* Ollama.swift in Sources */ = {isa = PBXBuildFile; fileRef = 9C67D9BA2C65127B00092887 /* Ollama.swift */; };
		9C67D9C42C659DEA00092887 /* ErrorModel.swift in Sources */ = {isa = PBXBuildFile; fileRef = 9C67D9C32C659DE900092887 /* ErrorModel.swift */; };
		9C67D9C72C659E8B00092887 /* DefaultValues.swift in Sources */ = {isa = PBXBuildFile; fileRef = 9C67D9C52C659E8B00092887 /* DefaultValues.swift */; };
		9C67D9C82C659E8B00092887 /* ErrorMessages.swift in Sources */ = {isa = PBXBuildFile; fileRef = 9C67D9C62C659E8B00092887 /* ErrorMessages.swift */; };
		9C67D9CA2C659F2700092887 /* NetworkErrors.swift in Sources */ = {isa = PBXBuildFile; fileRef = 9C67D9C92C659F2700092887 /* NetworkErrors.swift */; };
		9C67D9CC2C659F8B00092887 /* Tags.swift in Sources */ = {isa = PBXBuildFile; fileRef = 9C67D9CB2C659F8B00092887 /* Tags.swift */; };
		9C67D9D02C65CE4300092887 /* ChatTest.swift in Sources */ = {isa = PBXBuildFile; fileRef = 9C67D9CF2C65CE4300092887 /* ChatTest.swift */; };
		9C67D9D22C65DFCD00092887 /* DataModel.swift in Sources */ = {isa = PBXBuildFile; fileRef = 9C67D9D12C65DFCD00092887 /* DataModel.swift */; };
		9C67D9D52C65E00500092887 /* MenuBarView.swift in Sources */ = {isa = PBXBuildFile; fileRef = 9C67D9D42C65E00500092887 /* MenuBarView.swift */; };
/* End PBXBuildFile section */

/* Begin PBXContainerItemProxy section */
		9C67D9942C64F89800092887 /* PBXContainerItemProxy */ = {
			isa = PBXContainerItemProxy;
			containerPortal = 9C67D97A2C64F89700092887 /* Project object */;
			proxyType = 1;
			remoteGlobalIDString = 9C67D9812C64F89700092887;
			remoteInfo = ClipLLM;
		};
		9C67D99E2C64F89800092887 /* PBXContainerItemProxy */ = {
			isa = PBXContainerItemProxy;
			containerPortal = 9C67D97A2C64F89700092887 /* Project object */;
			proxyType = 1;
			remoteGlobalIDString = 9C67D9812C64F89700092887;
			remoteInfo = ClipLLM;
		};
/* End PBXContainerItemProxy section */

/* Begin PBXFileReference section */
		9C67D9822C64F89700092887 /* ClipLLM.app */ = {isa = PBXFileReference; explicitFileType = wrapper.application; includeInIndex = 0; path = ClipLLM.app; sourceTree = BUILT_PRODUCTS_DIR; };
		9C67D9852C64F89700092887 /* ClipLLMApp.swift */ = {isa = PBXFileReference; lastKnownFileType = sourcecode.swift; path = ClipLLMApp.swift; sourceTree = "<group>"; };
		9C67D9872C64F89700092887 /* ContentView.swift */ = {isa = PBXFileReference; lastKnownFileType = sourcecode.swift; path = ContentView.swift; sourceTree = "<group>"; };
		9C67D9892C64F89800092887 /* Assets.xcassets */ = {isa = PBXFileReference; lastKnownFileType = folder.assetcatalog; path = Assets.xcassets; sourceTree = "<group>"; };
		9C67D98B2C64F89800092887 /* ClipLLM.entitlements */ = {isa = PBXFileReference; lastKnownFileType = text.plist.entitlements; path = ClipLLM.entitlements; sourceTree = "<group>"; };
		9C67D98D2C64F89800092887 /* Preview Assets.xcassets */ = {isa = PBXFileReference; lastKnownFileType = folder.assetcatalog; path = "Preview Assets.xcassets"; sourceTree = "<group>"; };
		9C67D9932C64F89800092887 /* ClipLLMTests.xctest */ = {isa = PBXFileReference; explicitFileType = wrapper.cfbundle; includeInIndex = 0; path = ClipLLMTests.xctest; sourceTree = BUILT_PRODUCTS_DIR; };
		9C67D9972C64F89800092887 /* ClipLLMTests.swift */ = {isa = PBXFileReference; lastKnownFileType = sourcecode.swift; path = ClipLLMTests.swift; sourceTree = "<group>"; };
		9C67D99D2C64F89800092887 /* ClipLLMUITests.xctest */ = {isa = PBXFileReference; explicitFileType = wrapper.cfbundle; includeInIndex = 0; path = ClipLLMUITests.xctest; sourceTree = BUILT_PRODUCTS_DIR; };
		9C67D9A12C64F89800092887 /* ClipLLMUITests.swift */ = {isa = PBXFileReference; lastKnownFileType = sourcecode.swift; path = ClipLLMUITests.swift; sourceTree = "<group>"; };
		9C67D9A32C64F89800092887 /* ClipLLMUITestsLaunchTests.swift */ = {isa = PBXFileReference; lastKnownFileType = sourcecode.swift; path = ClipLLMUITestsLaunchTests.swift; sourceTree = "<group>"; };
		9C67D9B22C65127A00092887 /* MenuItem.swift */ = {isa = PBXFileReference; fileEncoding = 4; lastKnownFileType = sourcecode.swift; path = MenuItem.swift; sourceTree = "<group>"; };
		9C67D9B32C65127A00092887 /* Prompt.swift */ = {isa = PBXFileReference; fileEncoding = 4; lastKnownFileType = sourcecode.swift; path = Prompt.swift; sourceTree = "<group>"; };
		9C67D9B42C65127A00092887 /* Response.swift */ = {isa = PBXFileReference; fileEncoding = 4; lastKnownFileType = sourcecode.swift; path = Response.swift; sourceTree = "<group>"; };
		9C67D9B62C65127B00092887 /* Menu.swift */ = {isa = PBXFileReference; fileEncoding = 4; lastKnownFileType = sourcecode.swift; path = Menu.swift; sourceTree = "<group>"; };
		9C67D9B82C65127B00092887 /* Chat.swift */ = {isa = PBXFileReference; fileEncoding = 4; lastKnownFileType = sourcecode.swift; path = Chat.swift; sourceTree = "<group>"; };
		9C67D9B92C65127B00092887 /* Model.swift */ = {isa = PBXFileReference; fileEncoding = 4; lastKnownFileType = sourcecode.swift; path = Model.swift; sourceTree = "<group>"; };
		9C67D9BA2C65127B00092887 /* Ollama.swift */ = {isa = PBXFileReference; fileEncoding = 4; lastKnownFileType = sourcecode.swift; path = Ollama.swift; sourceTree = "<group>"; };
		9C67D9C32C659DE900092887 /* ErrorModel.swift */ = {isa = PBXFileReference; fileEncoding = 4; lastKnownFileType = sourcecode.swift; path = ErrorModel.swift; sourceTree = "<group>"; };
		9C67D9C52C659E8B00092887 /* DefaultValues.swift */ = {isa = PBXFileReference; fileEncoding = 4; lastKnownFileType = sourcecode.swift; path = DefaultValues.swift; sourceTree = "<group>"; };
		9C67D9C62C659E8B00092887 /* ErrorMessages.swift */ = {isa = PBXFileReference; fileEncoding = 4; lastKnownFileType = sourcecode.swift; path = ErrorMessages.swift; sourceTree = "<group>"; };
		9C67D9C92C659F2700092887 /* NetworkErrors.swift */ = {isa = PBXFileReference; lastKnownFileType = sourcecode.swift; path = NetworkErrors.swift; sourceTree = "<group>"; };
		9C67D9CB2C659F8B00092887 /* Tags.swift */ = {isa = PBXFileReference; lastKnownFileType = sourcecode.swift; path = Tags.swift; sourceTree = "<group>"; };
		9C67D9CF2C65CE4300092887 /* ChatTest.swift */ = {isa = PBXFileReference; lastKnownFileType = sourcecode.swift; path = ChatTest.swift; sourceTree = "<group>"; };
		9C67D9D12C65DFCD00092887 /* DataModel.swift */ = {isa = PBXFileReference; fileEncoding = 4; lastKnownFileType = sourcecode.swift; path = DataModel.swift; sourceTree = "<group>"; };
		9C67D9D42C65E00500092887 /* MenuBarView.swift */ = {isa = PBXFileReference; lastKnownFileType = sourcecode.swift; path = MenuBarView.swift; sourceTree = "<group>"; };
/* End PBXFileReference section */

/* Begin PBXFrameworksBuildPhase section */
		9C67D97F2C64F89700092887 /* Frameworks */ = {
			isa = PBXFrameworksBuildPhase;
			buildActionMask = 2147483647;
			files = (
			);
			runOnlyForDeploymentPostprocessing = 0;
		};
		9C67D9902C64F89800092887 /* Frameworks */ = {
			isa = PBXFrameworksBuildPhase;
			buildActionMask = 2147483647;
			files = (
			);
			runOnlyForDeploymentPostprocessing = 0;
		};
		9C67D99A2C64F89800092887 /* Frameworks */ = {
			isa = PBXFrameworksBuildPhase;
			buildActionMask = 2147483647;
			files = (
			);
			runOnlyForDeploymentPostprocessing = 0;
		};
/* End PBXFrameworksBuildPhase section */

/* Begin PBXGroup section */
		9C67D9792C64F89700092887 = {
			isa = PBXGroup;
			children = (
				9C67D9842C64F89700092887 /* ClipLLM */,
				9C67D9962C64F89800092887 /* ClipLLMTests */,
				9C67D9A02C64F89800092887 /* ClipLLMUITests */,
				9C67D9832C64F89700092887 /* Products */,
			);
			sourceTree = "<group>";
		};
		9C67D9832C64F89700092887 /* Products */ = {
			isa = PBXGroup;
			children = (
				9C67D9822C64F89700092887 /* ClipLLM.app */,
				9C67D9932C64F89800092887 /* ClipLLMTests.xctest */,
				9C67D99D2C64F89800092887 /* ClipLLMUITests.xctest */,
			);
			name = Products;
			sourceTree = "<group>";
		};
		9C67D9842C64F89700092887 /* ClipLLM */ = {
			isa = PBXGroup;
			children = (
				9C67D9D32C65DFE600092887 /* Views */,
				9C67D9BB2C65127B00092887 /* Controller */,
				9C67D9B52C65127A00092887 /* Models */,
				9C67D9B72C65127B00092887 /* Utils */,
				9C67D9852C64F89700092887 /* ClipLLMApp.swift */,
				9C67D9872C64F89700092887 /* ContentView.swift */,
				9C67D9892C64F89800092887 /* Assets.xcassets */,
				9C67D98B2C64F89800092887 /* ClipLLM.entitlements */,
				9C67D98C2C64F89800092887 /* Preview Content */,
			);
			path = ClipLLM;
			sourceTree = "<group>";
		};
		9C67D98C2C64F89800092887 /* Preview Content */ = {
			isa = PBXGroup;
			children = (
				9C67D98D2C64F89800092887 /* Preview Assets.xcassets */,
			);
			path = "Preview Content";
			sourceTree = "<group>";
		};
		9C67D9962C64F89800092887 /* ClipLLMTests */ = {
			isa = PBXGroup;
			children = (
				9C67D9972C64F89800092887 /* ClipLLMTests.swift */,
				9C67D9CF2C65CE4300092887 /* ChatTest.swift */,
			);
			path = ClipLLMTests;
			sourceTree = "<group>";
		};
		9C67D9A02C64F89800092887 /* ClipLLMUITests */ = {
			isa = PBXGroup;
			children = (
				9C67D9A12C64F89800092887 /* ClipLLMUITests.swift */,
				9C67D9A32C64F89800092887 /* ClipLLMUITestsLaunchTests.swift */,
			);
			path = ClipLLMUITests;
			sourceTree = "<group>";
		};
		9C67D9B52C65127A00092887 /* Models */ = {
			isa = PBXGroup;
			children = (
				9C67D9C32C659DE900092887 /* ErrorModel.swift */,
				9C67D9B22C65127A00092887 /* MenuItem.swift */,
				9C67D9B32C65127A00092887 /* Prompt.swift */,
				9C67D9B42C65127A00092887 /* Response.swift */,
				9C67D9CB2C659F8B00092887 /* Tags.swift */,
			);
			path = Models;
			sourceTree = "<group>";
		};
		9C67D9B72C65127B00092887 /* Utils */ = {
			isa = PBXGroup;
			children = (
				9C67D9D12C65DFCD00092887 /* DataModel.swift */,
				9C67D9C52C659E8B00092887 /* DefaultValues.swift */,
				9C67D9C62C659E8B00092887 /* ErrorMessages.swift */,
				9C67D9B62C65127B00092887 /* Menu.swift */,
				9C67D9C92C659F2700092887 /* NetworkErrors.swift */,
			);
			path = Utils;
			sourceTree = "<group>";
		};
		9C67D9BB2C65127B00092887 /* Controller */ = {
			isa = PBXGroup;
			children = (
				9C67D9B82C65127B00092887 /* Chat.swift */,
				9C67D9B92C65127B00092887 /* Model.swift */,
				9C67D9BA2C65127B00092887 /* Ollama.swift */,
			);
			path = Controller;
			sourceTree = "<group>";
		};
		9C67D9D32C65DFE600092887 /* Views */ = {
			isa = PBXGroup;
			children = (
				9C67D9D42C65E00500092887 /* MenuBarView.swift */,
			);
			path = Views;
			sourceTree = "<group>";
		};
/* End PBXGroup section */

/* Begin PBXNativeTarget section */
		9C67D9812C64F89700092887 /* ClipLLM */ = {
			isa = PBXNativeTarget;
			buildConfigurationList = 9C67D9A72C64F89800092887 /* Build configuration list for PBXNativeTarget "ClipLLM" */;
			buildPhases = (
				9C67D97E2C64F89700092887 /* Sources */,
				9C67D97F2C64F89700092887 /* Frameworks */,
				9C67D9802C64F89700092887 /* Resources */,
			);
			buildRules = (
			);
			dependencies = (
			);
			name = ClipLLM;
			productName = ClipLLM;
			productReference = 9C67D9822C64F89700092887 /* ClipLLM.app */;
			productType = "com.apple.product-type.application";
		};
		9C67D9922C64F89800092887 /* ClipLLMTests */ = {
			isa = PBXNativeTarget;
			buildConfigurationList = 9C67D9AA2C64F89800092887 /* Build configuration list for PBXNativeTarget "ClipLLMTests" */;
			buildPhases = (
				9C67D98F2C64F89800092887 /* Sources */,
				9C67D9902C64F89800092887 /* Frameworks */,
				9C67D9912C64F89800092887 /* Resources */,
			);
			buildRules = (
			);
			dependencies = (
				9C67D9952C64F89800092887 /* PBXTargetDependency */,
			);
			name = ClipLLMTests;
			productName = ClipLLMTests;
			productReference = 9C67D9932C64F89800092887 /* ClipLLMTests.xctest */;
			productType = "com.apple.product-type.bundle.unit-test";
		};
		9C67D99C2C64F89800092887 /* ClipLLMUITests */ = {
			isa = PBXNativeTarget;
			buildConfigurationList = 9C67D9AD2C64F89800092887 /* Build configuration list for PBXNativeTarget "ClipLLMUITests" */;
			buildPhases = (
				9C67D9992C64F89800092887 /* Sources */,
				9C67D99A2C64F89800092887 /* Frameworks */,
				9C67D99B2C64F89800092887 /* Resources */,
			);
			buildRules = (
			);
			dependencies = (
				9C67D99F2C64F89800092887 /* PBXTargetDependency */,
			);
			name = ClipLLMUITests;
			productName = ClipLLMUITests;
			productReference = 9C67D99D2C64F89800092887 /* ClipLLMUITests.xctest */;
			productType = "com.apple.product-type.bundle.ui-testing";
		};
/* End PBXNativeTarget section */

/* Begin PBXProject section */
		9C67D97A2C64F89700092887 /* Project object */ = {
			isa = PBXProject;
			attributes = {
				BuildIndependentTargetsInParallel = 1;
				LastSwiftUpdateCheck = 1540;
				LastUpgradeCheck = 1540;
				TargetAttributes = {
					9C67D9812C64F89700092887 = {
						CreatedOnToolsVersion = 15.4;
					};
					9C67D9922C64F89800092887 = {
						CreatedOnToolsVersion = 15.4;
						TestTargetID = 9C67D9812C64F89700092887;
					};
					9C67D99C2C64F89800092887 = {
						CreatedOnToolsVersion = 15.4;
						TestTargetID = 9C67D9812C64F89700092887;
					};
				};
			};
			buildConfigurationList = 9C67D97D2C64F89700092887 /* Build configuration list for PBXProject "ClipLLM" */;
			compatibilityVersion = "Xcode 14.0";
			developmentRegion = en;
			hasScannedForEncodings = 0;
			knownRegions = (
				en,
				Base,
			);
			mainGroup = 9C67D9792C64F89700092887;
			productRefGroup = 9C67D9832C64F89700092887 /* Products */;
			projectDirPath = "";
			projectRoot = "";
			targets = (
				9C67D9812C64F89700092887 /* ClipLLM */,
				9C67D9922C64F89800092887 /* ClipLLMTests */,
				9C67D99C2C64F89800092887 /* ClipLLMUITests */,
			);
		};
/* End PBXProject section */

/* Begin PBXResourcesBuildPhase section */
		9C67D9802C64F89700092887 /* Resources */ = {
			isa = PBXResourcesBuildPhase;
			buildActionMask = 2147483647;
			files = (
				9C67D98E2C64F89800092887 /* Preview Assets.xcassets in Resources */,
				9C67D98A2C64F89800092887 /* Assets.xcassets in Resources */,
			);
			runOnlyForDeploymentPostprocessing = 0;
		};
		9C67D9912C64F89800092887 /* Resources */ = {
			isa = PBXResourcesBuildPhase;
			buildActionMask = 2147483647;
			files = (
			);
			runOnlyForDeploymentPostprocessing = 0;
		};
		9C67D99B2C64F89800092887 /* Resources */ = {
			isa = PBXResourcesBuildPhase;
			buildActionMask = 2147483647;
			files = (
			);
			runOnlyForDeploymentPostprocessing = 0;
		};
/* End PBXResourcesBuildPhase section */

/* Begin PBXSourcesBuildPhase section */
		9C67D97E2C64F89700092887 /* Sources */ = {
			isa = PBXSourcesBuildPhase;
			buildActionMask = 2147483647;
			files = (
				9C67D9C42C659DEA00092887 /* ErrorModel.swift in Sources */,
				9C67D9D52C65E00500092887 /* MenuBarView.swift in Sources */,
				9C67D9BF2C65127B00092887 /* Menu.swift in Sources */,
				9C67D9CC2C659F8B00092887 /* Tags.swift in Sources */,
				9C67D9C22C65127B00092887 /* Ollama.swift in Sources */,
				9C67D9C72C659E8B00092887 /* DefaultValues.swift in Sources */,
				9C67D9D22C65DFCD00092887 /* DataModel.swift in Sources */,
				9C67D9BC2C65127B00092887 /* MenuItem.swift in Sources */,
				9C67D9C02C65127B00092887 /* Chat.swift in Sources */,
				9C67D9BD2C65127B00092887 /* Prompt.swift in Sources */,
				9C67D9882C64F89700092887 /* ContentView.swift in Sources */,
				9C67D9CA2C659F2700092887 /* NetworkErrors.swift in Sources */,
				9C67D9C82C659E8B00092887 /* ErrorMessages.swift in Sources */,
				9C67D9862C64F89700092887 /* ClipLLMApp.swift in Sources */,
				9C67D9BE2C65127B00092887 /* Response.swift in Sources */,
				9C67D9C12C65127B00092887 /* Model.swift in Sources */,
			);
			runOnlyForDeploymentPostprocessing = 0;
		};
		9C67D98F2C64F89800092887 /* Sources */ = {
			isa = PBXSourcesBuildPhase;
			buildActionMask = 2147483647;
			files = (
				9C67D9982C64F89800092887 /* ClipLLMTests.swift in Sources */,
				9C67D9D02C65CE4300092887 /* ChatTest.swift in Sources */,
			);
			runOnlyForDeploymentPostprocessing = 0;
		};
		9C67D9992C64F89800092887 /* Sources */ = {
			isa = PBXSourcesBuildPhase;
			buildActionMask = 2147483647;
			files = (
				9C67D9A42C64F89800092887 /* ClipLLMUITestsLaunchTests.swift in Sources */,
				9C67D9A22C64F89800092887 /* ClipLLMUITests.swift in Sources */,
			);
			runOnlyForDeploymentPostprocessing = 0;
		};
/* End PBXSourcesBuildPhase section */

/* Begin PBXTargetDependency section */
		9C67D9952C64F89800092887 /* PBXTargetDependency */ = {
			isa = PBXTargetDependency;
			target = 9C67D9812C64F89700092887 /* ClipLLM */;
			targetProxy = 9C67D9942C64F89800092887 /* PBXContainerItemProxy */;
		};
		9C67D99F2C64F89800092887 /* PBXTargetDependency */ = {
			isa = PBXTargetDependency;
			target = 9C67D9812C64F89700092887 /* ClipLLM */;
			targetProxy = 9C67D99E2C64F89800092887 /* PBXContainerItemProxy */;
		};
/* End PBXTargetDependency section */

/* Begin XCBuildConfiguration section */
		9C67D9A52C64F89800092887 /* Debug */ = {
			isa = XCBuildConfiguration;
			buildSettings = {
				ALWAYS_SEARCH_USER_PATHS = NO;
				ASSETCATALOG_COMPILER_GENERATE_SWIFT_ASSET_SYMBOL_EXTENSIONS = YES;
				CLANG_ANALYZER_NONNULL = YES;
				CLANG_ANALYZER_NUMBER_OBJECT_CONVERSION = YES_AGGRESSIVE;
				CLANG_CXX_LANGUAGE_STANDARD = "gnu++20";
				CLANG_ENABLE_MODULES = YES;
				CLANG_ENABLE_OBJC_ARC = YES;
				CLANG_ENABLE_OBJC_WEAK = YES;
				CLANG_WARN_BLOCK_CAPTURE_AUTORELEASING = YES;
				CLANG_WARN_BOOL_CONVERSION = YES;
				CLANG_WARN_COMMA = YES;
				CLANG_WARN_CONSTANT_CONVERSION = YES;
				CLANG_WARN_DEPRECATED_OBJC_IMPLEMENTATIONS = YES;
				CLANG_WARN_DIRECT_OBJC_ISA_USAGE = YES_ERROR;
				CLANG_WARN_DOCUMENTATION_COMMENTS = YES;
				CLANG_WARN_EMPTY_BODY = YES;
				CLANG_WARN_ENUM_CONVERSION = YES;
				CLANG_WARN_INFINITE_RECURSION = YES;
				CLANG_WARN_INT_CONVERSION = YES;
				CLANG_WARN_NON_LITERAL_NULL_CONVERSION = YES;
				CLANG_WARN_OBJC_IMPLICIT_RETAIN_SELF = YES;
				CLANG_WARN_OBJC_LITERAL_CONVERSION = YES;
				CLANG_WARN_OBJC_ROOT_CLASS = YES_ERROR;
				CLANG_WARN_QUOTED_INCLUDE_IN_FRAMEWORK_HEADER = YES;
				CLANG_WARN_RANGE_LOOP_ANALYSIS = YES;
				CLANG_WARN_STRICT_PROTOTYPES = YES;
				CLANG_WARN_SUSPICIOUS_MOVE = YES;
				CLANG_WARN_UNGUARDED_AVAILABILITY = YES_AGGRESSIVE;
				CLANG_WARN_UNREACHABLE_CODE = YES;
				CLANG_WARN__DUPLICATE_METHOD_MATCH = YES;
				COPY_PHASE_STRIP = NO;
				DEBUG_INFORMATION_FORMAT = dwarf;
				ENABLE_STRICT_OBJC_MSGSEND = YES;
				ENABLE_TESTABILITY = YES;
				ENABLE_USER_SCRIPT_SANDBOXING = YES;
				GCC_C_LANGUAGE_STANDARD = gnu17;
				GCC_DYNAMIC_NO_PIC = NO;
				GCC_NO_COMMON_BLOCKS = YES;
				GCC_OPTIMIZATION_LEVEL = 0;
				GCC_PREPROCESSOR_DEFINITIONS = (
					"DEBUG=1",
					"$(inherited)",
				);
				GCC_WARN_64_TO_32_BIT_CONVERSION = YES;
				GCC_WARN_ABOUT_RETURN_TYPE = YES_ERROR;
				GCC_WARN_UNDECLARED_SELECTOR = YES;
				GCC_WARN_UNINITIALIZED_AUTOS = YES_AGGRESSIVE;
				GCC_WARN_UNUSED_FUNCTION = YES;
				GCC_WARN_UNUSED_VARIABLE = YES;
				LOCALIZATION_PREFERS_STRING_CATALOGS = YES;
				MTL_ENABLE_DEBUG_INFO = INCLUDE_SOURCE;
				MTL_FAST_MATH = YES;
				ONLY_ACTIVE_ARCH = YES;
				SWIFT_ACTIVE_COMPILATION_CONDITIONS = "DEBUG $(inherited)";
				SWIFT_OPTIMIZATION_LEVEL = "-Onone";
			};
			name = Debug;
		};
		9C67D9A62C64F89800092887 /* Release */ = {
			isa = XCBuildConfiguration;
			buildSettings = {
				ALWAYS_SEARCH_USER_PATHS = NO;
				ASSETCATALOG_COMPILER_GENERATE_SWIFT_ASSET_SYMBOL_EXTENSIONS = YES;
				CLANG_ANALYZER_NONNULL = YES;
				CLANG_ANALYZER_NUMBER_OBJECT_CONVERSION = YES_AGGRESSIVE;
				CLANG_CXX_LANGUAGE_STANDARD = "gnu++20";
				CLANG_ENABLE_MODULES = YES;
				CLANG_ENABLE_OBJC_ARC = YES;
				CLANG_ENABLE_OBJC_WEAK = YES;
				CLANG_WARN_BLOCK_CAPTURE_AUTORELEASING = YES;
				CLANG_WARN_BOOL_CONVERSION = YES;
				CLANG_WARN_COMMA = YES;
				CLANG_WARN_CONSTANT_CONVERSION = YES;
				CLANG_WARN_DEPRECATED_OBJC_IMPLEMENTATIONS = YES;
				CLANG_WARN_DIRECT_OBJC_ISA_USAGE = YES_ERROR;
				CLANG_WARN_DOCUMENTATION_COMMENTS = YES;
				CLANG_WARN_EMPTY_BODY = YES;
				CLANG_WARN_ENUM_CONVERSION = YES;
				CLANG_WARN_INFINITE_RECURSION = YES;
				CLANG_WARN_INT_CONVERSION = YES;
				CLANG_WARN_NON_LITERAL_NULL_CONVERSION = YES;
				CLANG_WARN_OBJC_IMPLICIT_RETAIN_SELF = YES;
				CLANG_WARN_OBJC_LITERAL_CONVERSION = YES;
				CLANG_WARN_OBJC_ROOT_CLASS = YES_ERROR;
				CLANG_WARN_QUOTED_INCLUDE_IN_FRAMEWORK_HEADER = YES;
				CLANG_WARN_RANGE_LOOP_ANALYSIS = YES;
				CLANG_WARN_STRICT_PROTOTYPES = YES;
				CLANG_WARN_SUSPICIOUS_MOVE = YES;
				CLANG_WARN_UNGUARDED_AVAILABILITY = YES_AGGRESSIVE;
				CLANG_WARN_UNREACHABLE_CODE = YES;
				CLANG_WARN__DUPLICATE_METHOD_MATCH = YES;
				COPY_PHASE_STRIP = NO;
				DEBUG_INFORMATION_FORMAT = "dwarf-with-dsym";
				ENABLE_NS_ASSERTIONS = NO;
				ENABLE_STRICT_OBJC_MSGSEND = YES;
				ENABLE_USER_SCRIPT_SANDBOXING = YES;
				GCC_C_LANGUAGE_STANDARD = gnu17;
				GCC_NO_COMMON_BLOCKS = YES;
				GCC_WARN_64_TO_32_BIT_CONVERSION = YES;
				GCC_WARN_ABOUT_RETURN_TYPE = YES_ERROR;
				GCC_WARN_UNDECLARED_SELECTOR = YES;
				GCC_WARN_UNINITIALIZED_AUTOS = YES_AGGRESSIVE;
				GCC_WARN_UNUSED_FUNCTION = YES;
				GCC_WARN_UNUSED_VARIABLE = YES;
				LOCALIZATION_PREFERS_STRING_CATALOGS = YES;
				MTL_ENABLE_DEBUG_INFO = NO;
				MTL_FAST_MATH = YES;
				SWIFT_COMPILATION_MODE = wholemodule;
			};
			name = Release;
		};
		9C67D9A82C64F89800092887 /* Debug */ = {
			isa = XCBuildConfiguration;
			buildSettings = {
				ASSETCATALOG_COMPILER_APPICON_NAME = AppIcon;
				ASSETCATALOG_COMPILER_GLOBAL_ACCENT_COLOR_NAME = AccentColor;
				CODE_SIGN_ENTITLEMENTS = ClipLLM/ClipLLM.entitlements;
				CODE_SIGN_STYLE = Automatic;
				CURRENT_PROJECT_VERSION = 1;
				DEVELOPMENT_ASSET_PATHS = "\"ClipLLM/Preview Content\"";
				DEVELOPMENT_TEAM = ZK4FGCUS7P;
				ENABLE_HARDENED_RUNTIME = YES;
				ENABLE_PREVIEWS = YES;
				GENERATE_INFOPLIST_FILE = YES;
				"INFOPLIST_KEY_UIApplicationSceneManifest_Generation[sdk=iphoneos*]" = YES;
				"INFOPLIST_KEY_UIApplicationSceneManifest_Generation[sdk=iphonesimulator*]" = YES;
				"INFOPLIST_KEY_UIApplicationSupportsIndirectInputEvents[sdk=iphoneos*]" = YES;
				"INFOPLIST_KEY_UIApplicationSupportsIndirectInputEvents[sdk=iphonesimulator*]" = YES;
				"INFOPLIST_KEY_UILaunchScreen_Generation[sdk=iphoneos*]" = YES;
				"INFOPLIST_KEY_UILaunchScreen_Generation[sdk=iphonesimulator*]" = YES;
				"INFOPLIST_KEY_UIStatusBarStyle[sdk=iphoneos*]" = UIStatusBarStyleDefault;
				"INFOPLIST_KEY_UIStatusBarStyle[sdk=iphonesimulator*]" = UIStatusBarStyleDefault;
				INFOPLIST_KEY_UISupportedInterfaceOrientations_iPad = "UIInterfaceOrientationPortrait UIInterfaceOrientationPortraitUpsideDown UIInterfaceOrientationLandscapeLeft UIInterfaceOrientationLandscapeRight";
				INFOPLIST_KEY_UISupportedInterfaceOrientations_iPhone = "UIInterfaceOrientationPortrait UIInterfaceOrientationLandscapeLeft UIInterfaceOrientationLandscapeRight";
				IPHONEOS_DEPLOYMENT_TARGET = 17.5;
				LD_RUNPATH_SEARCH_PATHS = "@executable_path/Frameworks";
				"LD_RUNPATH_SEARCH_PATHS[sdk=macosx*]" = "@executable_path/../Frameworks";
				MACOSX_DEPLOYMENT_TARGET = 14.1;
				MARKETING_VERSION = 1.0;
				PRODUCT_BUNDLE_IDENTIFIER = PeytonDong.ClipLLM;
				PRODUCT_NAME = "$(TARGET_NAME)";
				SDKROOT = auto;
				SUPPORTED_PLATFORMS = "iphoneos iphonesimulator macosx";
				SWIFT_EMIT_LOC_STRINGS = YES;
				SWIFT_VERSION = 5.0;
				TARGETED_DEVICE_FAMILY = "1,2";
			};
			name = Debug;
		};
		9C67D9A92C64F89800092887 /* Release */ = {
			isa = XCBuildConfiguration;
			buildSettings = {
				ASSETCATALOG_COMPILER_APPICON_NAME = AppIcon;
				ASSETCATALOG_COMPILER_GLOBAL_ACCENT_COLOR_NAME = AccentColor;
				CODE_SIGN_ENTITLEMENTS = ClipLLM/ClipLLM.entitlements;
				CODE_SIGN_STYLE = Automatic;
				CURRENT_PROJECT_VERSION = 1;
				DEVELOPMENT_ASSET_PATHS = "\"ClipLLM/Preview Content\"";
				DEVELOPMENT_TEAM = ZK4FGCUS7P;
				ENABLE_HARDENED_RUNTIME = YES;
				ENABLE_PREVIEWS = YES;
				GENERATE_INFOPLIST_FILE = YES;
				"INFOPLIST_KEY_UIApplicationSceneManifest_Generation[sdk=iphoneos*]" = YES;
				"INFOPLIST_KEY_UIApplicationSceneManifest_Generation[sdk=iphonesimulator*]" = YES;
				"INFOPLIST_KEY_UIApplicationSupportsIndirectInputEvents[sdk=iphoneos*]" = YES;
				"INFOPLIST_KEY_UIApplicationSupportsIndirectInputEvents[sdk=iphonesimulator*]" = YES;
				"INFOPLIST_KEY_UILaunchScreen_Generation[sdk=iphoneos*]" = YES;
				"INFOPLIST_KEY_UILaunchScreen_Generation[sdk=iphonesimulator*]" = YES;
				"INFOPLIST_KEY_UIStatusBarStyle[sdk=iphoneos*]" = UIStatusBarStyleDefault;
				"INFOPLIST_KEY_UIStatusBarStyle[sdk=iphonesimulator*]" = UIStatusBarStyleDefault;
				INFOPLIST_KEY_UISupportedInterfaceOrientations_iPad = "UIInterfaceOrientationPortrait UIInterfaceOrientationPortraitUpsideDown UIInterfaceOrientationLandscapeLeft UIInterfaceOrientationLandscapeRight";
				INFOPLIST_KEY_UISupportedInterfaceOrientations_iPhone = "UIInterfaceOrientationPortrait UIInterfaceOrientationLandscapeLeft UIInterfaceOrientationLandscapeRight";
				IPHONEOS_DEPLOYMENT_TARGET = 17.5;
				LD_RUNPATH_SEARCH_PATHS = "@executable_path/Frameworks";
				"LD_RUNPATH_SEARCH_PATHS[sdk=macosx*]" = "@executable_path/../Frameworks";
				MACOSX_DEPLOYMENT_TARGET = 14.1;
				MARKETING_VERSION = 1.0;
				PRODUCT_BUNDLE_IDENTIFIER = PeytonDong.ClipLLM;
				PRODUCT_NAME = "$(TARGET_NAME)";
				SDKROOT = auto;
				SUPPORTED_PLATFORMS = "iphoneos iphonesimulator macosx";
				SWIFT_EMIT_LOC_STRINGS = YES;
				SWIFT_VERSION = 5.0;
				TARGETED_DEVICE_FAMILY = "1,2";
			};
			name = Release;
		};
		9C67D9AB2C64F89800092887 /* Debug */ = {
			isa = XCBuildConfiguration;
			buildSettings = {
				ALWAYS_EMBED_SWIFT_STANDARD_LIBRARIES = YES;
				BUNDLE_LOADER = "$(TEST_HOST)";
				CODE_SIGN_STYLE = Automatic;
				CURRENT_PROJECT_VERSION = 1;
				DEVELOPMENT_TEAM = ZK4FGCUS7P;
				GENERATE_INFOPLIST_FILE = YES;
				IPHONEOS_DEPLOYMENT_TARGET = 17.5;
				MACOSX_DEPLOYMENT_TARGET = 14.1;
				MARKETING_VERSION = 1.0;
				PRODUCT_BUNDLE_IDENTIFIER = PeytonDong.ClipLLMTests;
				PRODUCT_NAME = "$(TARGET_NAME)";
				SDKROOT = auto;
				SUPPORTED_PLATFORMS = "iphoneos iphonesimulator macosx";
				SWIFT_EMIT_LOC_STRINGS = NO;
				SWIFT_VERSION = 5.0;
				TARGETED_DEVICE_FAMILY = "1,2";
				TEST_HOST = "$(BUILT_PRODUCTS_DIR)/ClipLLM.app/$(BUNDLE_EXECUTABLE_FOLDER_PATH)/ClipLLM";
			};
			name = Debug;
		};
		9C67D9AC2C64F89800092887 /* Release */ = {
			isa = XCBuildConfiguration;
			buildSettings = {
				ALWAYS_EMBED_SWIFT_STANDARD_LIBRARIES = YES;
				BUNDLE_LOADER = "$(TEST_HOST)";
				CODE_SIGN_STYLE = Automatic;
				CURRENT_PROJECT_VERSION = 1;
				DEVELOPMENT_TEAM = ZK4FGCUS7P;
				GENERATE_INFOPLIST_FILE = YES;
				IPHONEOS_DEPLOYMENT_TARGET = 17.5;
				MACOSX_DEPLOYMENT_TARGET = 14.1;
				MARKETING_VERSION = 1.0;
				PRODUCT_BUNDLE_IDENTIFIER = PeytonDong.ClipLLMTests;
				PRODUCT_NAME = "$(TARGET_NAME)";
				SDKROOT = auto;
				SUPPORTED_PLATFORMS = "iphoneos iphonesimulator macosx";
				SWIFT_EMIT_LOC_STRINGS = NO;
				SWIFT_VERSION = 5.0;
				TARGETED_DEVICE_FAMILY = "1,2";
				TEST_HOST = "$(BUILT_PRODUCTS_DIR)/ClipLLM.app/$(BUNDLE_EXECUTABLE_FOLDER_PATH)/ClipLLM";
			};
			name = Release;
		};
		9C67D9AE2C64F89800092887 /* Debug */ = {
			isa = XCBuildConfiguration;
			buildSettings = {
				ALWAYS_EMBED_SWIFT_STANDARD_LIBRARIES = YES;
				CODE_SIGN_STYLE = Automatic;
				CURRENT_PROJECT_VERSION = 1;
				DEVELOPMENT_TEAM = ZK4FGCUS7P;
				GENERATE_INFOPLIST_FILE = YES;
				IPHONEOS_DEPLOYMENT_TARGET = 17.5;
				MACOSX_DEPLOYMENT_TARGET = 14.1;
				MARKETING_VERSION = 1.0;
				PRODUCT_BUNDLE_IDENTIFIER = PeytonDong.ClipLLMUITests;
				PRODUCT_NAME = "$(TARGET_NAME)";
				SDKROOT = auto;
				SUPPORTED_PLATFORMS = "iphoneos iphonesimulator macosx";
				SWIFT_EMIT_LOC_STRINGS = NO;
				SWIFT_VERSION = 5.0;
				TARGETED_DEVICE_FAMILY = "1,2";
				TEST_TARGET_NAME = ClipLLM;
			};
			name = Debug;
		};
		9C67D9AF2C64F89800092887 /* Release */ = {
			isa = XCBuildConfiguration;
			buildSettings = {
				ALWAYS_EMBED_SWIFT_STANDARD_LIBRARIES = YES;
				CODE_SIGN_STYLE = Automatic;
				CURRENT_PROJECT_VERSION = 1;
				DEVELOPMENT_TEAM = ZK4FGCUS7P;
				GENERATE_INFOPLIST_FILE = YES;
				IPHONEOS_DEPLOYMENT_TARGET = 17.5;
				MACOSX_DEPLOYMENT_TARGET = 14.1;
				MARKETING_VERSION = 1.0;
				PRODUCT_BUNDLE_IDENTIFIER = PeytonDong.ClipLLMUITests;
				PRODUCT_NAME = "$(TARGET_NAME)";
				SDKROOT = auto;
				SUPPORTED_PLATFORMS = "iphoneos iphonesimulator macosx";
				SWIFT_EMIT_LOC_STRINGS = NO;
				SWIFT_VERSION = 5.0;
				TARGETED_DEVICE_FAMILY = "1,2";
				TEST_TARGET_NAME = ClipLLM;
			};
			name = Release;
		};
/* End XCBuildConfiguration section */

/* Begin XCConfigurationList section */
		9C67D97D2C64F89700092887 /* Build configuration list for PBXProject "ClipLLM" */ = {
			isa = XCConfigurationList;
			buildConfigurations = (
				9C67D9A52C64F89800092887 /* Debug */,
				9C67D9A62C64F89800092887 /* Release */,
			);
			defaultConfigurationIsVisible = 0;
			defaultConfigurationName = Release;
		};
		9C67D9A72C64F89800092887 /* Build configuration list for PBXNativeTarget "ClipLLM" */ = {
			isa = XCConfigurationList;
			buildConfigurations = (
				9C67D9A82C64F89800092887 /* Debug */,
				9C67D9A92C64F89800092887 /* Release */,
			);
			defaultConfigurationIsVisible = 0;
			defaultConfigurationName = Release;
		};
		9C67D9AA2C64F89800092887 /* Build configuration list for PBXNativeTarget "ClipLLMTests" */ = {
			isa = XCConfigurationList;
			buildConfigurations = (
				9C67D9AB2C64F89800092887 /* Debug */,
				9C67D9AC2C64F89800092887 /* Release */,
			);
			defaultConfigurationIsVisible = 0;
			defaultConfigurationName = Release;
		};
		9C67D9AD2C64F89800092887 /* Build configuration list for PBXNativeTarget "ClipLLMUITests" */ = {
			isa = XCConfigurationList;
			buildConfigurations = (
				9C67D9AE2C64F89800092887 /* Debug */,
				9C67D9AF2C64F89800092887 /* Release */,
			);
			defaultConfigurationIsVisible = 0;
			defaultConfigurationName = Release;
		};
/* End XCConfigurationList section */
	};
	rootObject = 9C67D97A2C64F89700092887 /* Project object */;
}
